// !$*UTF8*$!
{
	archiveVersion = 1;
	classes = {
	};
	objectVersion = 52;
	objects = {

/* Begin PBXBuildFile section */
		2B8337E926F8389000CBF76F /* OTUS_Homework_2App.swift in Sources */ = {isa = PBXBuildFile; fileRef = 2B8337D626F8388E00CBF76F /* OTUS_Homework_2App.swift */; };
		2B8337EA26F8389000CBF76F /* OTUS_Homework_2App.swift in Sources */ = {isa = PBXBuildFile; fileRef = 2B8337D626F8388E00CBF76F /* OTUS_Homework_2App.swift */; };
		2B8337EB26F8389000CBF76F /* ContentView.swift in Sources */ = {isa = PBXBuildFile; fileRef = 2B8337D726F8388E00CBF76F /* ContentView.swift */; };
		2B8337EC26F8389000CBF76F /* ContentView.swift in Sources */ = {isa = PBXBuildFile; fileRef = 2B8337D726F8388E00CBF76F /* ContentView.swift */; };
		2B8337ED26F8389000CBF76F /* Assets.xcassets in Resources */ = {isa = PBXBuildFile; fileRef = 2B8337D826F8389000CBF76F /* Assets.xcassets */; };
		2B8337EE26F8389000CBF76F /* Assets.xcassets in Resources */ = {isa = PBXBuildFile; fileRef = 2B8337D826F8389000CBF76F /* Assets.xcassets */; };
		D617B0FD27021EB100064E43 /* MoviesApi in Frameworks */ = {isa = PBXBuildFile; productRef = D617B0FC27021EB100064E43 /* MoviesApi */; };
		D617B0FF27021EB800064E43 /* MoviesApi in Frameworks */ = {isa = PBXBuildFile; productRef = D617B0FE27021EB800064E43 /* MoviesApi */; };
		D617B1022702219A00064E43 /* BooksView.swift in Sources */ = {isa = PBXBuildFile; fileRef = D617B1012702219A00064E43 /* BooksView.swift */; };
		D617B1032702219A00064E43 /* BooksView.swift in Sources */ = {isa = PBXBuildFile; fileRef = D617B1012702219A00064E43 /* BooksView.swift */; };
		D617B105270221CE00064E43 /* MoviesView.swift in Sources */ = {isa = PBXBuildFile; fileRef = D617B104270221CE00064E43 /* MoviesView.swift */; };
		D617B106270221CE00064E43 /* MoviesView.swift in Sources */ = {isa = PBXBuildFile; fileRef = D617B104270221CE00064E43 /* MoviesView.swift */; };
		D66EA72126FA367500418FDA /* CustomNavigationView.swift in Sources */ = {isa = PBXBuildFile; fileRef = D66EA72026FA367500418FDA /* CustomNavigationView.swift */; };
		D66EA72226FA367500418FDA /* CustomNavigationView.swift in Sources */ = {isa = PBXBuildFile; fileRef = D66EA72026FA367500418FDA /* CustomNavigationView.swift */; };
		D66EA79A26FCAD3B00418FDA /* ViewExtension.swift in Sources */ = {isa = PBXBuildFile; fileRef = D66EA79926FCAD3B00418FDA /* ViewExtension.swift */; };
		D66EA79B26FCAD3B00418FDA /* ViewExtension.swift in Sources */ = {isa = PBXBuildFile; fileRef = D66EA79926FCAD3B00418FDA /* ViewExtension.swift */; };
		D66EA79D26FCAD7000418FDA /* Views.swift in Sources */ = {isa = PBXBuildFile; fileRef = D66EA79C26FCAD7000418FDA /* Views.swift */; };
		D66EA79E26FCAD7000418FDA /* Views.swift in Sources */ = {isa = PBXBuildFile; fileRef = D66EA79C26FCAD7000418FDA /* Views.swift */; };
		D6E43AE326FF9257000B1A51 /* BooksApi in Frameworks */ = {isa = PBXBuildFile; productRef = D6E43AE226FF9257000B1A51 /* BooksApi */; };
		D6E43AE526FF925A000B1A51 /* BooksApi in Frameworks */ = {isa = PBXBuildFile; productRef = D6E43AE426FF925A000B1A51 /* BooksApi */; };
/* End PBXBuildFile section */

/* Begin PBXFileReference section */
		2B8337D626F8388E00CBF76F /* OTUS_Homework_2App.swift */ = {isa = PBXFileReference; lastKnownFileType = sourcecode.swift; path = OTUS_Homework_2App.swift; sourceTree = "<group>"; };
		2B8337D726F8388E00CBF76F /* ContentView.swift */ = {isa = PBXFileReference; lastKnownFileType = sourcecode.swift; path = ContentView.swift; sourceTree = "<group>"; };
		2B8337D826F8389000CBF76F /* Assets.xcassets */ = {isa = PBXFileReference; lastKnownFileType = folder.assetcatalog; path = Assets.xcassets; sourceTree = "<group>"; };
		2B8337DD26F8389000CBF76F /* OTUS_Homework_2.app */ = {isa = PBXFileReference; explicitFileType = wrapper.application; includeInIndex = 0; path = OTUS_Homework_2.app; sourceTree = BUILT_PRODUCTS_DIR; };
		2B8337E026F8389000CBF76F /* Info.plist */ = {isa = PBXFileReference; lastKnownFileType = text.plist.xml; path = Info.plist; sourceTree = "<group>"; };
		2B8337E526F8389000CBF76F /* OTUS_Homework_2.app */ = {isa = PBXFileReference; explicitFileType = wrapper.application; includeInIndex = 0; path = OTUS_Homework_2.app; sourceTree = BUILT_PRODUCTS_DIR; };
		2B8337E726F8389000CBF76F /* Info.plist */ = {isa = PBXFileReference; lastKnownFileType = text.plist.xml; path = Info.plist; sourceTree = "<group>"; };
		2B8337E826F8389000CBF76F /* macOS.entitlements */ = {isa = PBXFileReference; lastKnownFileType = text.plist.entitlements; path = macOS.entitlements; sourceTree = "<group>"; };
		D617B0FB27021E9500064E43 /* MoviesApi */ = {isa = PBXFileReference; lastKnownFileType = folder; name = MoviesApi; path = Packages/MoviesApi; sourceTree = "<group>"; };
		D617B1012702219A00064E43 /* BooksView.swift */ = {isa = PBXFileReference; lastKnownFileType = sourcecode.swift; path = BooksView.swift; sourceTree = "<group>"; };
		D617B104270221CE00064E43 /* MoviesView.swift */ = {isa = PBXFileReference; lastKnownFileType = sourcecode.swift; path = MoviesView.swift; sourceTree = "<group>"; };
		D66EA72026FA367500418FDA /* CustomNavigationView.swift */ = {isa = PBXFileReference; lastKnownFileType = sourcecode.swift; path = CustomNavigationView.swift; sourceTree = "<group>"; };
		D66EA79926FCAD3B00418FDA /* ViewExtension.swift */ = {isa = PBXFileReference; lastKnownFileType = sourcecode.swift; path = ViewExtension.swift; sourceTree = "<group>"; };
		D66EA79C26FCAD7000418FDA /* Views.swift */ = {isa = PBXFileReference; lastKnownFileType = sourcecode.swift; path = Views.swift; sourceTree = "<group>"; };
		D685B29826FF6C8A0093A427 /* BooksApi */ = {isa = PBXFileReference; lastKnownFileType = folder; name = BooksApi; path = Packages/BooksApi; sourceTree = "<group>"; };
/* End PBXFileReference section */

/* Begin PBXFrameworksBuildPhase section */
		2B8337DA26F8389000CBF76F /* Frameworks */ = {
			isa = PBXFrameworksBuildPhase;
			buildActionMask = 2147483647;
			files = (
				D617B0FD27021EB100064E43 /* MoviesApi in Frameworks */,
				D6E43AE326FF9257000B1A51 /* BooksApi in Frameworks */,
			);
			runOnlyForDeploymentPostprocessing = 0;
		};
		2B8337E226F8389000CBF76F /* Frameworks */ = {
			isa = PBXFrameworksBuildPhase;
			buildActionMask = 2147483647;
			files = (
				D617B0FF27021EB800064E43 /* MoviesApi in Frameworks */,
				D6E43AE526FF925A000B1A51 /* BooksApi in Frameworks */,
			);
			runOnlyForDeploymentPostprocessing = 0;
		};
/* End PBXFrameworksBuildPhase section */

/* Begin PBXGroup section */
		2B8337D026F8388E00CBF76F = {
			isa = PBXGroup;
			children = (
				D617B0FB27021E9500064E43 /* MoviesApi */,
				D685B29826FF6C8A0093A427 /* BooksApi */,
				2B8337D526F8388E00CBF76F /* Shared */,
				2B8337DF26F8389000CBF76F /* iOS */,
				2B8337E626F8389000CBF76F /* macOS */,
				2B8337DE26F8389000CBF76F /* Products */,
				D6E43AE126FF9257000B1A51 /* Frameworks */,
			);
			sourceTree = "<group>";
		};
		2B8337D526F8388E00CBF76F /* Shared */ = {
			isa = PBXGroup;
			children = (
				D617B1002702217E00064E43 /* UI */,
				D66EA79726FCACF600418FDA /* CustomNavigation */,
				2B8337D626F8388E00CBF76F /* OTUS_Homework_2App.swift */,
				2B8337D726F8388E00CBF76F /* ContentView.swift */,
				2B8337D826F8389000CBF76F /* Assets.xcassets */,
			);
			path = Shared;
			sourceTree = "<group>";
		};
		2B8337DE26F8389000CBF76F /* Products */ = {
			isa = PBXGroup;
			children = (
				2B8337DD26F8389000CBF76F /* OTUS_Homework_2.app */,
				2B8337E526F8389000CBF76F /* OTUS_Homework_2.app */,
			);
			name = Products;
			sourceTree = "<group>";
		};
		2B8337DF26F8389000CBF76F /* iOS */ = {
			isa = PBXGroup;
			children = (
				2B8337E026F8389000CBF76F /* Info.plist */,
			);
			path = iOS;
			sourceTree = "<group>";
		};
		2B8337E626F8389000CBF76F /* macOS */ = {
			isa = PBXGroup;
			children = (
				2B8337E726F8389000CBF76F /* Info.plist */,
				2B8337E826F8389000CBF76F /* macOS.entitlements */,
			);
			path = macOS;
			sourceTree = "<group>";
		};
		D617B1002702217E00064E43 /* UI */ = {
			isa = PBXGroup;
			children = (
				D617B1012702219A00064E43 /* BooksView.swift */,
				D617B104270221CE00064E43 /* MoviesView.swift */,
			);
			path = UI;
			sourceTree = "<group>";
		};
		D66EA79726FCACF600418FDA /* CustomNavigation */ = {
			isa = PBXGroup;
			children = (
				D66EA72026FA367500418FDA /* CustomNavigationView.swift */,
				D66EA79926FCAD3B00418FDA /* ViewExtension.swift */,
				D66EA79C26FCAD7000418FDA /* Views.swift */,
			);
			path = CustomNavigation;
			sourceTree = "<group>";
		};
		D6E43AE126FF9257000B1A51 /* Frameworks */ = {
			isa = PBXGroup;
			children = (
			);
			name = Frameworks;
			sourceTree = "<group>";
		};
/* End PBXGroup section */

/* Begin PBXNativeTarget section */
		2B8337DC26F8389000CBF76F /* OTUS_Homework_2 (iOS) */ = {
			isa = PBXNativeTarget;
			buildConfigurationList = 2B8337F126F8389000CBF76F /* Build configuration list for PBXNativeTarget "OTUS_Homework_2 (iOS)" */;
			buildPhases = (
				2B8337D926F8389000CBF76F /* Sources */,
				2B8337DA26F8389000CBF76F /* Frameworks */,
				2B8337DB26F8389000CBF76F /* Resources */,
			);
			buildRules = (
			);
			dependencies = (
			);
			name = "OTUS_Homework_2 (iOS)";
			packageProductDependencies = (
				D6E43AE226FF9257000B1A51 /* BooksApi */,
				D617B0FC27021EB100064E43 /* MoviesApi */,
			);
			productName = "OTUS_Homework_2 (iOS)";
			productReference = 2B8337DD26F8389000CBF76F /* OTUS_Homework_2.app */;
			productType = "com.apple.product-type.application";
		};
		2B8337E426F8389000CBF76F /* OTUS_Homework_2 (macOS) */ = {
			isa = PBXNativeTarget;
			buildConfigurationList = 2B8337F426F8389000CBF76F /* Build configuration list for PBXNativeTarget "OTUS_Homework_2 (macOS)" */;
			buildPhases = (
				2B8337E126F8389000CBF76F /* Sources */,
				2B8337E226F8389000CBF76F /* Frameworks */,
				2B8337E326F8389000CBF76F /* Resources */,
			);
			buildRules = (
			);
			dependencies = (
			);
			name = "OTUS_Homework_2 (macOS)";
			packageProductDependencies = (
				D6E43AE426FF925A000B1A51 /* BooksApi */,
				D617B0FE27021EB800064E43 /* MoviesApi */,
			);
			productName = "OTUS_Homework_2 (macOS)";
			productReference = 2B8337E526F8389000CBF76F /* OTUS_Homework_2.app */;
			productType = "com.apple.product-type.application";
		};
/* End PBXNativeTarget section */

/* Begin PBXProject section */
		2B8337D126F8388E00CBF76F /* Project object */ = {
			isa = PBXProject;
			attributes = {
				LastSwiftUpdateCheck = 1250;
				LastUpgradeCheck = 1250;
				TargetAttributes = {
					2B8337DC26F8389000CBF76F = {
						CreatedOnToolsVersion = 12.5.1;
					};
					2B8337E426F8389000CBF76F = {
						CreatedOnToolsVersion = 12.5.1;
					};
				};
			};
			buildConfigurationList = 2B8337D426F8388E00CBF76F /* Build configuration list for PBXProject "OTUS_Homework_2" */;
			compatibilityVersion = "Xcode 9.3";
			developmentRegion = en;
			hasScannedForEncodings = 0;
			knownRegions = (
				en,
				Base,
			);
			mainGroup = 2B8337D026F8388E00CBF76F;
			productRefGroup = 2B8337DE26F8389000CBF76F /* Products */;
			projectDirPath = "";
			projectRoot = "";
			targets = (
				2B8337DC26F8389000CBF76F /* OTUS_Homework_2 (iOS) */,
				2B8337E426F8389000CBF76F /* OTUS_Homework_2 (macOS) */,
			);
		};
/* End PBXProject section */

/* Begin PBXResourcesBuildPhase section */
		2B8337DB26F8389000CBF76F /* Resources */ = {
			isa = PBXResourcesBuildPhase;
			buildActionMask = 2147483647;
			files = (
				2B8337ED26F8389000CBF76F /* Assets.xcassets in Resources */,
			);
			runOnlyForDeploymentPostprocessing = 0;
		};
		2B8337E326F8389000CBF76F /* Resources */ = {
			isa = PBXResourcesBuildPhase;
			buildActionMask = 2147483647;
			files = (
				2B8337EE26F8389000CBF76F /* Assets.xcassets in Resources */,
			);
			runOnlyForDeploymentPostprocessing = 0;
		};
/* End PBXResourcesBuildPhase section */

/* Begin PBXSourcesBuildPhase section */
		2B8337D926F8389000CBF76F /* Sources */ = {
			isa = PBXSourcesBuildPhase;
			buildActionMask = 2147483647;
			files = (
				2B8337EB26F8389000CBF76F /* ContentView.swift in Sources */,
				D617B1022702219A00064E43 /* BooksView.swift in Sources */,
				2B8337E926F8389000CBF76F /* OTUS_Homework_2App.swift in Sources */,
				D66EA79A26FCAD3B00418FDA /* ViewExtension.swift in Sources */,
				D617B105270221CE00064E43 /* MoviesView.swift in Sources */,
				D66EA79D26FCAD7000418FDA /* Views.swift in Sources */,
				D66EA72126FA367500418FDA /* CustomNavigationView.swift in Sources */,
			);
			runOnlyForDeploymentPostprocessing = 0;
		};
		2B8337E126F8389000CBF76F /* Sources */ = {
			isa = PBXSourcesBuildPhase;
			buildActionMask = 2147483647;
			files = (
				2B8337EC26F8389000CBF76F /* ContentView.swift in Sources */,
				D617B1032702219A00064E43 /* BooksView.swift in Sources */,
				2B8337EA26F8389000CBF76F /* OTUS_Homework_2App.swift in Sources */,
				D66EA79B26FCAD3B00418FDA /* ViewExtension.swift in Sources */,
				D617B106270221CE00064E43 /* MoviesView.swift in Sources */,
				D66EA79E26FCAD7000418FDA /* Views.swift in Sources */,
				D66EA72226FA367500418FDA /* CustomNavigationView.swift in Sources */,
			);
			runOnlyForDeploymentPostprocessing = 0;
		};
/* End PBXSourcesBuildPhase section */

/* Begin XCBuildConfiguration section */
		2B8337EF26F8389000CBF76F /* Debug */ = {
			isa = XCBuildConfiguration;
			buildSettings = {
				ALWAYS_SEARCH_USER_PATHS = NO;
				CLANG_ANALYZER_NONNULL = YES;
				CLANG_ANALYZER_NUMBER_OBJECT_CONVERSION = YES_AGGRESSIVE;
				CLANG_CXX_LANGUAGE_STANDARD = "gnu++14";
				CLANG_CXX_LIBRARY = "libc++";
				CLANG_ENABLE_MODULES = YES;
				CLANG_ENABLE_OBJC_ARC = YES;
				CLANG_ENABLE_OBJC_WEAK = YES;
				CLANG_WARN_BLOCK_CAPTURE_AUTORELEASING = YES;
				CLANG_WARN_BOOL_CONVERSION = YES;
				CLANG_WARN_COMMA = YES;
				CLANG_WARN_CONSTANT_CONVERSION = YES;
				CLANG_WARN_DEPRECATED_OBJC_IMPLEMENTATIONS = YES;
				CLANG_WARN_DIRECT_OBJC_ISA_USAGE = YES_ERROR;
				CLANG_WARN_DOCUMENTATION_COMMENTS = YES;
				CLANG_WARN_EMPTY_BODY = YES;
				CLANG_WARN_ENUM_CONVERSION = YES;
				CLANG_WARN_INFINITE_RECURSION = YES;
				CLANG_WARN_INT_CONVERSION = YES;
				CLANG_WARN_NON_LITERAL_NULL_CONVERSION = YES;
				CLANG_WARN_OBJC_IMPLICIT_RETAIN_SELF = YES;
				CLANG_WARN_OBJC_LITERAL_CONVERSION = YES;
				CLANG_WARN_OBJC_ROOT_CLASS = YES_ERROR;
				CLANG_WARN_QUOTED_INCLUDE_IN_FRAMEWORK_HEADER = YES;
				CLANG_WARN_RANGE_LOOP_ANALYSIS = YES;
				CLANG_WARN_STRICT_PROTOTYPES = YES;
				CLANG_WARN_SUSPICIOUS_MOVE = YES;
				CLANG_WARN_UNGUARDED_AVAILABILITY = YES_AGGRESSIVE;
				CLANG_WARN_UNREACHABLE_CODE = YES;
				CLANG_WARN__DUPLICATE_METHOD_MATCH = YES;
				COPY_PHASE_STRIP = NO;
				DEBUG_INFORMATION_FORMAT = dwarf;
				ENABLE_STRICT_OBJC_MSGSEND = YES;
				ENABLE_TESTABILITY = YES;
				GCC_C_LANGUAGE_STANDARD = gnu11;
				GCC_DYNAMIC_NO_PIC = NO;
				GCC_NO_COMMON_BLOCKS = YES;
				GCC_OPTIMIZATION_LEVEL = 0;
				GCC_PREPROCESSOR_DEFINITIONS = (
					"DEBUG=1",
					"$(inherited)",
				);
				GCC_WARN_64_TO_32_BIT_CONVERSION = YES;
				GCC_WARN_ABOUT_RETURN_TYPE = YES_ERROR;
				GCC_WARN_UNDECLARED_SELECTOR = YES;
				GCC_WARN_UNINITIALIZED_AUTOS = YES_AGGRESSIVE;
				GCC_WARN_UNUSED_FUNCTION = YES;
				GCC_WARN_UNUSED_VARIABLE = YES;
				MTL_ENABLE_DEBUG_INFO = INCLUDE_SOURCE;
				MTL_FAST_MATH = YES;
				ONLY_ACTIVE_ARCH = YES;
				SWIFT_ACTIVE_COMPILATION_CONDITIONS = DEBUG;
				SWIFT_OPTIMIZATION_LEVEL = "-Onone";
			};
			name = Debug;
		};
		2B8337F026F8389000CBF76F /* Release */ = {
			isa = XCBuildConfiguration;
			buildSettings = {
				ALWAYS_SEARCH_USER_PATHS = NO;
				CLANG_ANALYZER_NONNULL = YES;
				CLANG_ANALYZER_NUMBER_OBJECT_CONVERSION = YES_AGGRESSIVE;
				CLANG_CXX_LANGUAGE_STANDARD = "gnu++14";
				CLANG_CXX_LIBRARY = "libc++";
				CLANG_ENABLE_MODULES = YES;
				CLANG_ENABLE_OBJC_ARC = YES;
				CLANG_ENABLE_OBJC_WEAK = YES;
				CLANG_WARN_BLOCK_CAPTURE_AUTORELEASING = YES;
				CLANG_WARN_BOOL_CONVERSION = YES;
				CLANG_WARN_COMMA = YES;
				CLANG_WARN_CONSTANT_CONVERSION = YES;
				CLANG_WARN_DEPRECATED_OBJC_IMPLEMENTATIONS = YES;
				CLANG_WARN_DIRECT_OBJC_ISA_USAGE = YES_ERROR;
				CLANG_WARN_DOCUMENTATION_COMMENTS = YES;
				CLANG_WARN_EMPTY_BODY = YES;
				CLANG_WARN_ENUM_CONVERSION = YES;
				CLANG_WARN_INFINITE_RECURSION = YES;
				CLANG_WARN_INT_CONVERSION = YES;
				CLANG_WARN_NON_LITERAL_NULL_CONVERSION = YES;
				CLANG_WARN_OBJC_IMPLICIT_RETAIN_SELF = YES;
				CLANG_WARN_OBJC_LITERAL_CONVERSION = YES;
				CLANG_WARN_OBJC_ROOT_CLASS = YES_ERROR;
				CLANG_WARN_QUOTED_INCLUDE_IN_FRAMEWORK_HEADER = YES;
				CLANG_WARN_RANGE_LOOP_ANALYSIS = YES;
				CLANG_WARN_STRICT_PROTOTYPES = YES;
				CLANG_WARN_SUSPICIOUS_MOVE = YES;
				CLANG_WARN_UNGUARDED_AVAILABILITY = YES_AGGRESSIVE;
				CLANG_WARN_UNREACHABLE_CODE = YES;
				CLANG_WARN__DUPLICATE_METHOD_MATCH = YES;
				COPY_PHASE_STRIP = NO;
				DEBUG_INFORMATION_FORMAT = "dwarf-with-dsym";
				ENABLE_NS_ASSERTIONS = NO;
				ENABLE_STRICT_OBJC_MSGSEND = YES;
				GCC_C_LANGUAGE_STANDARD = gnu11;
				GCC_NO_COMMON_BLOCKS = YES;
				GCC_WARN_64_TO_32_BIT_CONVERSION = YES;
				GCC_WARN_ABOUT_RETURN_TYPE = YES_ERROR;
				GCC_WARN_UNDECLARED_SELECTOR = YES;
				GCC_WARN_UNINITIALIZED_AUTOS = YES_AGGRESSIVE;
				GCC_WARN_UNUSED_FUNCTION = YES;
				GCC_WARN_UNUSED_VARIABLE = YES;
				MTL_ENABLE_DEBUG_INFO = NO;
				MTL_FAST_MATH = YES;
				SWIFT_COMPILATION_MODE = wholemodule;
				SWIFT_OPTIMIZATION_LEVEL = "-O";
			};
			name = Release;
		};
		2B8337F226F8389000CBF76F /* Debug */ = {
			isa = XCBuildConfiguration;
			buildSettings = {
				ASSETCATALOG_COMPILER_APPICON_NAME = AppIcon;
				ASSETCATALOG_COMPILER_GLOBAL_ACCENT_COLOR_NAME = AccentColor;
				CODE_SIGN_STYLE = Automatic;
				DEVELOPMENT_TEAM = R4G26CHU6B;
				ENABLE_PREVIEWS = YES;
				INFOPLIST_FILE = iOS/Info.plist;
				IPHONEOS_DEPLOYMENT_TARGET = 14.0;
				LD_RUNPATH_SEARCH_PATHS = (
					"$(inherited)",
					"@executable_path/Frameworks",
				);
				PRODUCT_BUNDLE_IDENTIFIER = "vvp.OTUS-Homework-2";
				PRODUCT_NAME = OTUS_Homework_2;
				SDKROOT = iphoneos;
				SWIFT_VERSION = 5.0;
				TARGETED_DEVICE_FAMILY = "1,2";
			};
			name = Debug;
		};
		2B8337F326F8389000CBF76F /* Release */ = {
			isa = XCBuildConfiguration;
			buildSettings = {
				ASSETCATALOG_COMPILER_APPICON_NAME = AppIcon;
				ASSETCATALOG_COMPILER_GLOBAL_ACCENT_COLOR_NAME = AccentColor;
				CODE_SIGN_STYLE = Automatic;
				DEVELOPMENT_TEAM = R4G26CHU6B;
				ENABLE_PREVIEWS = YES;
				INFOPLIST_FILE = iOS/Info.plist;
				IPHONEOS_DEPLOYMENT_TARGET = 14.0;
				LD_RUNPATH_SEARCH_PATHS = (
					"$(inherited)",
					"@executable_path/Frameworks",
				);
				PRODUCT_BUNDLE_IDENTIFIER = "vvp.OTUS-Homework-2";
				PRODUCT_NAME = OTUS_Homework_2;
				SDKROOT = iphoneos;
				SWIFT_VERSION = 5.0;
				TARGETED_DEVICE_FAMILY = "1,2";
				VALIDATE_PRODUCT = YES;
			};
			name = Release;
		};
		2B8337F526F8389000CBF76F /* Debug */ = {
			isa = XCBuildConfiguration;
			buildSettings = {
				ASSETCATALOG_COMPILER_APPICON_NAME = AppIcon;
				ASSETCATALOG_COMPILER_GLOBAL_ACCENT_COLOR_NAME = AccentColor;
				CODE_SIGN_ENTITLEMENTS = macOS/macOS.entitlements;
				CODE_SIGN_STYLE = Automatic;
				COMBINE_HIDPI_IMAGES = YES;
				DEVELOPMENT_TEAM = R4G26CHU6B;
				ENABLE_HARDENED_RUNTIME = YES;
				ENABLE_PREVIEWS = YES;
				INFOPLIST_FILE = macOS/Info.plist;
				LD_RUNPATH_SEARCH_PATHS = (
					"$(inherited)",
					"@executable_path/../Frameworks",
				);
				MACOSX_DEPLOYMENT_TARGET = 11.0;
				PRODUCT_BUNDLE_IDENTIFIER = "vvp.OTUS-Homework-2";
				PRODUCT_NAME = OTUS_Homework_2;
				SDKROOT = macosx;
				SWIFT_VERSION = 5.0;
			};
			name = Debug;
		};
		2B8337F626F8389000CBF76F /* Release */ = {
			isa = XCBuildConfiguration;
			buildSettings = {
				ASSETCATALOG_COMPILER_APPICON_NAME = AppIcon;
				ASSETCATALOG_COMPILER_GLOBAL_ACCENT_COLOR_NAME = AccentColor;
				CODE_SIGN_ENTITLEMENTS = macOS/macOS.entitlements;
				CODE_SIGN_STYLE = Automatic;
				COMBINE_HIDPI_IMAGES = YES;
				DEVELOPMENT_TEAM = R4G26CHU6B;
				ENABLE_HARDENED_RUNTIME = YES;
				ENABLE_PREVIEWS = YES;
				INFOPLIST_FILE = macOS/Info.plist;
				LD_RUNPATH_SEARCH_PATHS = (
					"$(inherited)",
					"@executable_path/../Frameworks",
				);
				MACOSX_DEPLOYMENT_TARGET = 11.0;
				PRODUCT_BUNDLE_IDENTIFIER = "vvp.OTUS-Homework-2";
				PRODUCT_NAME = OTUS_Homework_2;
				SDKROOT = macosx;
				SWIFT_VERSION = 5.0;
			};
			name = Release;
		};
/* End XCBuildConfiguration section */

/* Begin XCConfigurationList section */
		2B8337D426F8388E00CBF76F /* Build configuration list for PBXProject "OTUS_Homework_2" */ = {
			isa = XCConfigurationList;
			buildConfigurations = (
				2B8337EF26F8389000CBF76F /* Debug */,
				2B8337F026F8389000CBF76F /* Release */,
			);
			defaultConfigurationIsVisible = 0;
			defaultConfigurationName = Release;
		};
		2B8337F126F8389000CBF76F /* Build configuration list for PBXNativeTarget "OTUS_Homework_2 (iOS)" */ = {
			isa = XCConfigurationList;
			buildConfigurations = (
				2B8337F226F8389000CBF76F /* Debug */,
				2B8337F326F8389000CBF76F /* Release */,
			);
			defaultConfigurationIsVisible = 0;
			defaultConfigurationName = Release;
		};
		2B8337F426F8389000CBF76F /* Build configuration list for PBXNativeTarget "OTUS_Homework_2 (macOS)" */ = {
			isa = XCConfigurationList;
			buildConfigurations = (
				2B8337F526F8389000CBF76F /* Debug */,
				2B8337F626F8389000CBF76F /* Release */,
			);
			defaultConfigurationIsVisible = 0;
			defaultConfigurationName = Release;
		};
/* End XCConfigurationList section */

/* Begin XCSwiftPackageProductDependency section */
		D617B0FC27021EB100064E43 /* MoviesApi */ = {
			isa = XCSwiftPackageProductDependency;
			productName = MoviesApi;
		};
		D617B0FE27021EB800064E43 /* MoviesApi */ = {
			isa = XCSwiftPackageProductDependency;
			productName = MoviesApi;
		};
		D6E43AE226FF9257000B1A51 /* BooksApi */ = {
			isa = XCSwiftPackageProductDependency;
			productName = BooksApi;
		};
		D6E43AE426FF925A000B1A51 /* BooksApi */ = {
			isa = XCSwiftPackageProductDependency;
			productName = BooksApi;
		};
/* End XCSwiftPackageProductDependency section */
	};
	rootObject = 2B8337D126F8388E00CBF76F /* Project object */;
}
