// !$*UTF8*$!
{
	archiveVersion = 1;
	classes = {
	};
	objectVersion = 52;
	objects = {

/* Begin PBXBuildFile section */
		2B1107B22725A79C005E44A5 /* BooksApi in Frameworks */ = {isa = PBXBuildFile; productRef = 2B1107B12725A79C005E44A5 /* BooksApi */; };
		2B1107B42725A79F005E44A5 /* MoviesApi in Frameworks */ = {isa = PBXBuildFile; productRef = 2B1107B32725A79F005E44A5 /* MoviesApi */; };
		2B1107B82725A7A7005E44A5 /* BooksApi in Frameworks */ = {isa = PBXBuildFile; productRef = 2B1107B72725A7A7005E44A5 /* BooksApi */; };
		2B1107BA2725A7A9005E44A5 /* MoviesApi in Frameworks */ = {isa = PBXBuildFile; productRef = 2B1107B92725A7A9005E44A5 /* MoviesApi */; };
		2B1107BF2725A922005E44A5 /* SearchUI in Frameworks */ = {isa = PBXBuildFile; productRef = 2B1107BE2725A922005E44A5 /* SearchUI */; };
		2B1107C12725A9BA005E44A5 /* SearchUI in Frameworks */ = {isa = PBXBuildFile; productRef = 2B1107C02725A9BA005E44A5 /* SearchUI */; };
		2B8337E926F8389000CBF76F /* OTUS_Homework_2App.swift in Sources */ = {isa = PBXBuildFile; fileRef = 2B8337D626F8388E00CBF76F /* OTUS_Homework_2App.swift */; };
		2B8337EA26F8389000CBF76F /* OTUS_Homework_2App.swift in Sources */ = {isa = PBXBuildFile; fileRef = 2B8337D626F8388E00CBF76F /* OTUS_Homework_2App.swift */; };
		2B8337EB26F8389000CBF76F /* ContentView.swift in Sources */ = {isa = PBXBuildFile; fileRef = 2B8337D726F8388E00CBF76F /* ContentView.swift */; };
		2B8337EC26F8389000CBF76F /* ContentView.swift in Sources */ = {isa = PBXBuildFile; fileRef = 2B8337D726F8388E00CBF76F /* ContentView.swift */; };
		2B8337ED26F8389000CBF76F /* Assets.xcassets in Resources */ = {isa = PBXBuildFile; fileRef = 2B8337D826F8389000CBF76F /* Assets.xcassets */; };
		2B8337EE26F8389000CBF76F /* Assets.xcassets in Resources */ = {isa = PBXBuildFile; fileRef = 2B8337D826F8389000CBF76F /* Assets.xcassets */; };
		D6091A9327038BFC00B11435 /* ViewModel.swift in Sources */ = {isa = PBXBuildFile; fileRef = D6091A9227038BFC00B11435 /* ViewModel.swift */; };
		D6091A9427038BFC00B11435 /* ViewModel.swift in Sources */ = {isa = PBXBuildFile; fileRef = D6091A9227038BFC00B11435 /* ViewModel.swift */; };
		D6091A972704A7FD00B11435 /* String.swift in Sources */ = {isa = PBXBuildFile; fileRef = D6091A962704A7FD00B11435 /* String.swift */; };
		D6091A982704A7FD00B11435 /* String.swift in Sources */ = {isa = PBXBuildFile; fileRef = D6091A962704A7FD00B11435 /* String.swift */; };
		D6D95EAF272870EA00588723 /* DetailViewModel.swift in Sources */ = {isa = PBXBuildFile; fileRef = D6D95EAE272870EA00588723 /* DetailViewModel.swift */; };
		D6D95EB0272870EA00588723 /* DetailViewModel.swift in Sources */ = {isa = PBXBuildFile; fileRef = D6D95EAE272870EA00588723 /* DetailViewModel.swift */; };
		D6D95EB327287B4600588723 /* AbstractApi.swift in Sources */ = {isa = PBXBuildFile; fileRef = D6D95EB227287B4600588723 /* AbstractApi.swift */; };
		D6D95EB427287B4600588723 /* AbstractApi.swift in Sources */ = {isa = PBXBuildFile; fileRef = D6D95EB227287B4600588723 /* AbstractApi.swift */; };
		D6F4D5912704B1A00035D173 /* ResultsView.swift in Sources */ = {isa = PBXBuildFile; fileRef = D6F4D5902704B1A00035D173 /* ResultsView.swift */; };
		D6F4D5922704B1A00035D173 /* ResultsView.swift in Sources */ = {isa = PBXBuildFile; fileRef = D6F4D5902704B1A00035D173 /* ResultsView.swift */; };
		D6F4D5942704DECE0035D173 /* BooksApi.swift in Sources */ = {isa = PBXBuildFile; fileRef = D6F4D5932704DECE0035D173 /* BooksApi.swift */; };
		D6F4D5952704DECE0035D173 /* BooksApi.swift in Sources */ = {isa = PBXBuildFile; fileRef = D6F4D5932704DECE0035D173 /* BooksApi.swift */; };
		D6F4D5972704DF0B0035D173 /* MoviesApi.swift in Sources */ = {isa = PBXBuildFile; fileRef = D6F4D5962704DEEC0035D173 /* MoviesApi.swift */; };
		D6F4D5982704DF0C0035D173 /* MoviesApi.swift in Sources */ = {isa = PBXBuildFile; fileRef = D6F4D5962704DEEC0035D173 /* MoviesApi.swift */; };
		D6F4D59A2704EEE20035D173 /* View.swift in Sources */ = {isa = PBXBuildFile; fileRef = D6F4D5992704EEE20035D173 /* View.swift */; };
		D6F4D59B2704EEE20035D173 /* View.swift in Sources */ = {isa = PBXBuildFile; fileRef = D6F4D5992704EEE20035D173 /* View.swift */; };
/* End PBXBuildFile section */

/* Begin PBXFileReference section */
		2B1107AE2725A770005E44A5 /* CustomNavigation */ = {isa = PBXFileReference; lastKnownFileType = folder; name = CustomNavigation; path = Packages/CustomNavigation; sourceTree = "<group>"; };
		2B1107AF2725A784005E44A5 /* BooksApi */ = {isa = PBXFileReference; lastKnownFileType = folder; name = BooksApi; path = Packages/BooksApi; sourceTree = "<group>"; };
		2B1107B02725A794005E44A5 /* MoviesApi */ = {isa = PBXFileReference; lastKnownFileType = folder; name = MoviesApi; path = Packages/MoviesApi; sourceTree = "<group>"; };
		2B1107BD2725A808005E44A5 /* SearchUI */ = {isa = PBXFileReference; lastKnownFileType = folder; name = SearchUI; path = Packages/SearchUI; sourceTree = "<group>"; };
		2B8337D626F8388E00CBF76F /* OTUS_Homework_2App.swift */ = {isa = PBXFileReference; lastKnownFileType = sourcecode.swift; path = OTUS_Homework_2App.swift; sourceTree = "<group>"; };
		2B8337D726F8388E00CBF76F /* ContentView.swift */ = {isa = PBXFileReference; lastKnownFileType = sourcecode.swift; path = ContentView.swift; sourceTree = "<group>"; };
		2B8337D826F8389000CBF76F /* Assets.xcassets */ = {isa = PBXFileReference; lastKnownFileType = folder.assetcatalog; path = Assets.xcassets; sourceTree = "<group>"; };
		2B8337DD26F8389000CBF76F /* OTUS_Homework_2.app */ = {isa = PBXFileReference; explicitFileType = wrapper.application; includeInIndex = 0; path = OTUS_Homework_2.app; sourceTree = BUILT_PRODUCTS_DIR; };
		2B8337E026F8389000CBF76F /* Info.plist */ = {isa = PBXFileReference; lastKnownFileType = text.plist.xml; path = Info.plist; sourceTree = "<group>"; };
		2B8337E526F8389000CBF76F /* OTUS_Homework_2.app */ = {isa = PBXFileReference; explicitFileType = wrapper.application; includeInIndex = 0; path = OTUS_Homework_2.app; sourceTree = BUILT_PRODUCTS_DIR; };
		2B8337E726F8389000CBF76F /* Info.plist */ = {isa = PBXFileReference; lastKnownFileType = text.plist.xml; path = Info.plist; sourceTree = "<group>"; };
		2B8337E826F8389000CBF76F /* macOS.entitlements */ = {isa = PBXFileReference; lastKnownFileType = text.plist.entitlements; path = macOS.entitlements; sourceTree = "<group>"; };
		D6091A9227038BFC00B11435 /* ViewModel.swift */ = {isa = PBXFileReference; lastKnownFileType = sourcecode.swift; path = ViewModel.swift; sourceTree = "<group>"; };
		D6091A962704A7FD00B11435 /* String.swift */ = {isa = PBXFileReference; lastKnownFileType = sourcecode.swift; path = String.swift; sourceTree = "<group>"; };
		D6D95EAE272870EA00588723 /* DetailViewModel.swift */ = {isa = PBXFileReference; lastKnownFileType = sourcecode.swift; path = DetailViewModel.swift; sourceTree = "<group>"; };
		D6D95EB227287B4600588723 /* AbstractApi.swift */ = {isa = PBXFileReference; fileEncoding = 4; lastKnownFileType = sourcecode.swift; path = AbstractApi.swift; sourceTree = "<group>"; };
		D6F4D5902704B1A00035D173 /* ResultsView.swift */ = {isa = PBXFileReference; lastKnownFileType = sourcecode.swift; path = ResultsView.swift; sourceTree = "<group>"; };
		D6F4D5932704DECE0035D173 /* BooksApi.swift */ = {isa = PBXFileReference; lastKnownFileType = sourcecode.swift; path = BooksApi.swift; sourceTree = "<group>"; };
		D6F4D5962704DEEC0035D173 /* MoviesApi.swift */ = {isa = PBXFileReference; lastKnownFileType = sourcecode.swift; path = MoviesApi.swift; sourceTree = "<group>"; };
		D6F4D5992704EEE20035D173 /* View.swift */ = {isa = PBXFileReference; lastKnownFileType = sourcecode.swift; path = View.swift; sourceTree = "<group>"; };
/* End PBXFileReference section */

/* Begin PBXFrameworksBuildPhase section */
		2B8337DA26F8389000CBF76F /* Frameworks */ = {
			isa = PBXFrameworksBuildPhase;
			buildActionMask = 2147483647;
			files = (
				2B1107BF2725A922005E44A5 /* SearchUI in Frameworks */,
				2B1107B42725A79F005E44A5 /* MoviesApi in Frameworks */,
				2B1107B22725A79C005E44A5 /* BooksApi in Frameworks */,
			);
			runOnlyForDeploymentPostprocessing = 0;
		};
		2B8337E226F8389000CBF76F /* Frameworks */ = {
			isa = PBXFrameworksBuildPhase;
			buildActionMask = 2147483647;
			files = (
				2B1107C12725A9BA005E44A5 /* SearchUI in Frameworks */,
				2B1107BA2725A7A9005E44A5 /* MoviesApi in Frameworks */,
				2B1107B82725A7A7005E44A5 /* BooksApi in Frameworks */,
			);
			runOnlyForDeploymentPostprocessing = 0;
		};
/* End PBXFrameworksBuildPhase section */

/* Begin PBXGroup section */
		2B1107AD2725A770005E44A5 /* Packages */ = {
			isa = PBXGroup;
			children = (
				2B1107BD2725A808005E44A5 /* SearchUI */,
				2B1107AE2725A770005E44A5 /* CustomNavigation */,
				2B1107AF2725A784005E44A5 /* BooksApi */,
				2B1107B02725A794005E44A5 /* MoviesApi */,
			);
			name = Packages;
			sourceTree = "<group>";
		};
		2B8337D026F8388E00CBF76F = {
			isa = PBXGroup;
			children = (
				2B1107AD2725A770005E44A5 /* Packages */,
				2B8337D526F8388E00CBF76F /* Shared */,
				2B8337DF26F8389000CBF76F /* iOS */,
				2B8337E626F8389000CBF76F /* macOS */,
				2B8337DE26F8389000CBF76F /* Products */,
				D6E43AE126FF9257000B1A51 /* Frameworks */,
			);
			sourceTree = "<group>";
		};
		2B8337D526F8388E00CBF76F /* Shared */ = {
			isa = PBXGroup;
			children = (
				D6D95EB127287B3D00588723 /* Core */,
				D6091A952704A7F000B11435 /* Extensions */,
				D617B1002702217E00064E43 /* UI */,
				2B8337D626F8388E00CBF76F /* OTUS_Homework_2App.swift */,
				2B8337D826F8389000CBF76F /* Assets.xcassets */,
			);
			path = Shared;
			sourceTree = "<group>";
		};
		2B8337DE26F8389000CBF76F /* Products */ = {
			isa = PBXGroup;
			children = (
				2B8337DD26F8389000CBF76F /* OTUS_Homework_2.app */,
				2B8337E526F8389000CBF76F /* OTUS_Homework_2.app */,
			);
			name = Products;
			sourceTree = "<group>";
		};
		2B8337DF26F8389000CBF76F /* iOS */ = {
			isa = PBXGroup;
			children = (
				2B8337E026F8389000CBF76F /* Info.plist */,
			);
			path = iOS;
			sourceTree = "<group>";
		};
		2B8337E626F8389000CBF76F /* macOS */ = {
			isa = PBXGroup;
			children = (
				2B8337E726F8389000CBF76F /* Info.plist */,
				2B8337E826F8389000CBF76F /* macOS.entitlements */,
			);
			path = macOS;
			sourceTree = "<group>";
		};
		D6091A952704A7F000B11435 /* Extensions */ = {
			isa = PBXGroup;
			children = (
				D6091A962704A7FD00B11435 /* String.swift */,
				D6F4D5962704DEEC0035D173 /* MoviesApi.swift */,
				D6F4D5932704DECE0035D173 /* BooksApi.swift */,
				D6F4D5992704EEE20035D173 /* View.swift */,
			);
			path = Extensions;
			sourceTree = "<group>";
		};
		D617B1002702217E00064E43 /* UI */ = {
			isa = PBXGroup;
			children = (
				D6091A9227038BFC00B11435 /* ViewModel.swift */,
				D6D95EAE272870EA00588723 /* DetailViewModel.swift */,
				2B8337D726F8388E00CBF76F /* ContentView.swift */,
				D6F4D5902704B1A00035D173 /* ResultsView.swift */,
			);
			path = UI;
			sourceTree = "<group>";
		};
		D6D95EB127287B3D00588723 /* Core */ = {
			isa = PBXGroup;
			children = (
				D6D95EB227287B4600588723 /* AbstractApi.swift */,
			);
			path = Core;
			sourceTree = "<group>";
		};
		D6E43AE126FF9257000B1A51 /* Frameworks */ = {
			isa = PBXGroup;
			children = (
			);
			name = Frameworks;
			sourceTree = "<group>";
		};
/* End PBXGroup section */

/* Begin PBXNativeTarget section */
		2B8337DC26F8389000CBF76F /* OTUS_Homework_2 (iOS) */ = {
			isa = PBXNativeTarget;
			buildConfigurationList = 2B8337F126F8389000CBF76F /* Build configuration list for PBXNativeTarget "OTUS_Homework_2 (iOS)" */;
			buildPhases = (
				2B8337D926F8389000CBF76F /* Sources */,
				2B8337DA26F8389000CBF76F /* Frameworks */,
				2B8337DB26F8389000CBF76F /* Resources */,
			);
			buildRules = (
			);
			dependencies = (
			);
			name = "OTUS_Homework_2 (iOS)";
			packageProductDependencies = (
				2B1107B12725A79C005E44A5 /* BooksApi */,
				2B1107B32725A79F005E44A5 /* MoviesApi */,
				2B1107BE2725A922005E44A5 /* SearchUI */,
			);
			productName = "OTUS_Homework_2 (iOS)";
			productReference = 2B8337DD26F8389000CBF76F /* OTUS_Homework_2.app */;
			productType = "com.apple.product-type.application";
		};
		2B8337E426F8389000CBF76F /* OTUS_Homework_2 (macOS) */ = {
			isa = PBXNativeTarget;
			buildConfigurationList = 2B8337F426F8389000CBF76F /* Build configuration list for PBXNativeTarget "OTUS_Homework_2 (macOS)" */;
			buildPhases = (
				2B8337E126F8389000CBF76F /* Sources */,
				2B8337E226F8389000CBF76F /* Frameworks */,
				2B8337E326F8389000CBF76F /* Resources */,
			);
			buildRules = (
			);
			dependencies = (
			);
			name = "OTUS_Homework_2 (macOS)";
			packageProductDependencies = (
				2B1107B72725A7A7005E44A5 /* BooksApi */,
				2B1107B92725A7A9005E44A5 /* MoviesApi */,
				2B1107C02725A9BA005E44A5 /* SearchUI */,
			);
			productName = "OTUS_Homework_2 (macOS)";
			productReference = 2B8337E526F8389000CBF76F /* OTUS_Homework_2.app */;
			productType = "com.apple.product-type.application";
		};
/* End PBXNativeTarget section */

/* Begin PBXProject section */
		2B8337D126F8388E00CBF76F /* Project object */ = {
			isa = PBXProject;
			attributes = {
				LastSwiftUpdateCheck = 1250;
				LastUpgradeCheck = 1250;
				TargetAttributes = {
					2B8337DC26F8389000CBF76F = {
						CreatedOnToolsVersion = 12.5.1;
					};
					2B8337E426F8389000CBF76F = {
						CreatedOnToolsVersion = 12.5.1;
					};
				};
			};
			buildConfigurationList = 2B8337D426F8388E00CBF76F /* Build configuration list for PBXProject "OTUS_Homework_2" */;
			compatibilityVersion = "Xcode 9.3";
			developmentRegion = en;
			hasScannedForEncodings = 0;
			knownRegions = (
				en,
				Base,
			);
			mainGroup = 2B8337D026F8388E00CBF76F;
			productRefGroup = 2B8337DE26F8389000CBF76F /* Products */;
			projectDirPath = "";
			projectRoot = "";
			targets = (
				2B8337DC26F8389000CBF76F /* OTUS_Homework_2 (iOS) */,
				2B8337E426F8389000CBF76F /* OTUS_Homework_2 (macOS) */,
			);
		};
/* End PBXProject section */

/* Begin PBXResourcesBuildPhase section */
		2B8337DB26F8389000CBF76F /* Resources */ = {
			isa = PBXResourcesBuildPhase;
			buildActionMask = 2147483647;
			files = (
				2B8337ED26F8389000CBF76F /* Assets.xcassets in Resources */,
			);
			runOnlyForDeploymentPostprocessing = 0;
		};
		2B8337E326F8389000CBF76F /* Resources */ = {
			isa = PBXResourcesBuildPhase;
			buildActionMask = 2147483647;
			files = (
				2B8337EE26F8389000CBF76F /* Assets.xcassets in Resources */,
			);
			runOnlyForDeploymentPostprocessing = 0;
		};
/* End PBXResourcesBuildPhase section */

/* Begin PBXSourcesBuildPhase section */
		2B8337D926F8389000CBF76F /* Sources */ = {
			isa = PBXSourcesBuildPhase;
			buildActionMask = 2147483647;
			files = (
				2B8337EB26F8389000CBF76F /* ContentView.swift in Sources */,
				D6F4D5972704DF0B0035D173 /* MoviesApi.swift in Sources */,
				2B8337E926F8389000CBF76F /* OTUS_Homework_2App.swift in Sources */,
				D6091A972704A7FD00B11435 /* String.swift in Sources */,
				D6F4D5912704B1A00035D173 /* ResultsView.swift in Sources */,
				D6F4D5942704DECE0035D173 /* BooksApi.swift in Sources */,
				D6091A9327038BFC00B11435 /* ViewModel.swift in Sources */,
				D6D95EB0272870EA00588723 /* DetailViewModel.swift in Sources */,
				D6D95EB327287B4600588723 /* AbstractApi.swift in Sources */,
				D6F4D59A2704EEE20035D173 /* View.swift in Sources */,
			);
			runOnlyForDeploymentPostprocessing = 0;
		};
		2B8337E126F8389000CBF76F /* Sources */ = {
			isa = PBXSourcesBuildPhase;
			buildActionMask = 2147483647;
			files = (
				2B8337EC26F8389000CBF76F /* ContentView.swift in Sources */,
				D6F4D5982704DF0C0035D173 /* MoviesApi.swift in Sources */,
				2B8337EA26F8389000CBF76F /* OTUS_Homework_2App.swift in Sources */,
				D6091A982704A7FD00B11435 /* String.swift in Sources */,
				D6F4D5922704B1A00035D173 /* ResultsView.swift in Sources */,
				D6F4D5952704DECE0035D173 /* BooksApi.swift in Sources */,
				D6091A9427038BFC00B11435 /* ViewModel.swift in Sources */,
				D6D95EAF272870EA00588723 /* DetailViewModel.swift in Sources */,
				D6D95EB427287B4600588723 /* AbstractApi.swift in Sources */,
				D6F4D59B2704EEE20035D173 /* View.swift in Sources */,
			);
			runOnlyForDeploymentPostprocessing = 0;
		};
/* End PBXSourcesBuildPhase section */

/* Begin XCBuildConfiguration section */
		2B8337EF26F8389000CBF76F /* Debug */ = {
			isa = XCBuildConfiguration;
			buildSettings = {
				ALWAYS_SEARCH_USER_PATHS = NO;
				CLANG_ANALYZER_NONNULL = YES;
				CLANG_ANALYZER_NUMBER_OBJECT_CONVERSION = YES_AGGRESSIVE;
				CLANG_CXX_LANGUAGE_STANDARD = "gnu++14";
				CLANG_CXX_LIBRARY = "libc++";
				CLANG_ENABLE_MODULES = YES;
				CLANG_ENABLE_OBJC_ARC = YES;
				CLANG_ENABLE_OBJC_WEAK = YES;
				CLANG_WARN_BLOCK_CAPTURE_AUTORELEASING = YES;
				CLANG_WARN_BOOL_CONVERSION = YES;
				CLANG_WARN_COMMA = YES;
				CLANG_WARN_CONSTANT_CONVERSION = YES;
				CLANG_WARN_DEPRECATED_OBJC_IMPLEMENTATIONS = YES;
				CLANG_WARN_DIRECT_OBJC_ISA_USAGE = YES_ERROR;
				CLANG_WARN_DOCUMENTATION_COMMENTS = YES;
				CLANG_WARN_EMPTY_BODY = YES;
				CLANG_WARN_ENUM_CONVERSION = YES;
				CLANG_WARN_INFINITE_RECURSION = YES;
				CLANG_WARN_INT_CONVERSION = YES;
				CLANG_WARN_NON_LITERAL_NULL_CONVERSION = YES;
				CLANG_WARN_OBJC_IMPLICIT_RETAIN_SELF = YES;
				CLANG_WARN_OBJC_LITERAL_CONVERSION = YES;
				CLANG_WARN_OBJC_ROOT_CLASS = YES_ERROR;
				CLANG_WARN_QUOTED_INCLUDE_IN_FRAMEWORK_HEADER = YES;
				CLANG_WARN_RANGE_LOOP_ANALYSIS = YES;
				CLANG_WARN_STRICT_PROTOTYPES = YES;
				CLANG_WARN_SUSPICIOUS_MOVE = YES;
				CLANG_WARN_UNGUARDED_AVAILABILITY = YES_AGGRESSIVE;
				CLANG_WARN_UNREACHABLE_CODE = YES;
				CLANG_WARN__DUPLICATE_METHOD_MATCH = YES;
				COPY_PHASE_STRIP = NO;
				DEBUG_INFORMATION_FORMAT = dwarf;
				ENABLE_STRICT_OBJC_MSGSEND = YES;
				ENABLE_TESTABILITY = YES;
				GCC_C_LANGUAGE_STANDARD = gnu11;
				GCC_DYNAMIC_NO_PIC = NO;
				GCC_NO_COMMON_BLOCKS = YES;
				GCC_OPTIMIZATION_LEVEL = 0;
				GCC_PREPROCESSOR_DEFINITIONS = (
					"DEBUG=1",
					"$(inherited)",
				);
				GCC_WARN_64_TO_32_BIT_CONVERSION = YES;
				GCC_WARN_ABOUT_RETURN_TYPE = YES_ERROR;
				GCC_WARN_UNDECLARED_SELECTOR = YES;
				GCC_WARN_UNINITIALIZED_AUTOS = YES_AGGRESSIVE;
				GCC_WARN_UNUSED_FUNCTION = YES;
				GCC_WARN_UNUSED_VARIABLE = YES;
				MTL_ENABLE_DEBUG_INFO = INCLUDE_SOURCE;
				MTL_FAST_MATH = YES;
				ONLY_ACTIVE_ARCH = YES;
				SWIFT_ACTIVE_COMPILATION_CONDITIONS = DEBUG;
				SWIFT_OPTIMIZATION_LEVEL = "-Onone";
			};
			name = Debug;
		};
		2B8337F026F8389000CBF76F /* Release */ = {
			isa = XCBuildConfiguration;
			buildSettings = {
				ALWAYS_SEARCH_USER_PATHS = NO;
				CLANG_ANALYZER_NONNULL = YES;
				CLANG_ANALYZER_NUMBER_OBJECT_CONVERSION = YES_AGGRESSIVE;
				CLANG_CXX_LANGUAGE_STANDARD = "gnu++14";
				CLANG_CXX_LIBRARY = "libc++";
				CLANG_ENABLE_MODULES = YES;
				CLANG_ENABLE_OBJC_ARC = YES;
				CLANG_ENABLE_OBJC_WEAK = YES;
				CLANG_WARN_BLOCK_CAPTURE_AUTORELEASING = YES;
				CLANG_WARN_BOOL_CONVERSION = YES;
				CLANG_WARN_COMMA = YES;
				CLANG_WARN_CONSTANT_CONVERSION = YES;
				CLANG_WARN_DEPRECATED_OBJC_IMPLEMENTATIONS = YES;
				CLANG_WARN_DIRECT_OBJC_ISA_USAGE = YES_ERROR;
				CLANG_WARN_DOCUMENTATION_COMMENTS = YES;
				CLANG_WARN_EMPTY_BODY = YES;
				CLANG_WARN_ENUM_CONVERSION = YES;
				CLANG_WARN_INFINITE_RECURSION = YES;
				CLANG_WARN_INT_CONVERSION = YES;
				CLANG_WARN_NON_LITERAL_NULL_CONVERSION = YES;
				CLANG_WARN_OBJC_IMPLICIT_RETAIN_SELF = YES;
				CLANG_WARN_OBJC_LITERAL_CONVERSION = YES;
				CLANG_WARN_OBJC_ROOT_CLASS = YES_ERROR;
				CLANG_WARN_QUOTED_INCLUDE_IN_FRAMEWORK_HEADER = YES;
				CLANG_WARN_RANGE_LOOP_ANALYSIS = YES;
				CLANG_WARN_STRICT_PROTOTYPES = YES;
				CLANG_WARN_SUSPICIOUS_MOVE = YES;
				CLANG_WARN_UNGUARDED_AVAILABILITY = YES_AGGRESSIVE;
				CLANG_WARN_UNREACHABLE_CODE = YES;
				CLANG_WARN__DUPLICATE_METHOD_MATCH = YES;
				COPY_PHASE_STRIP = NO;
				DEBUG_INFORMATION_FORMAT = "dwarf-with-dsym";
				ENABLE_NS_ASSERTIONS = NO;
				ENABLE_STRICT_OBJC_MSGSEND = YES;
				GCC_C_LANGUAGE_STANDARD = gnu11;
				GCC_NO_COMMON_BLOCKS = YES;
				GCC_WARN_64_TO_32_BIT_CONVERSION = YES;
				GCC_WARN_ABOUT_RETURN_TYPE = YES_ERROR;
				GCC_WARN_UNDECLARED_SELECTOR = YES;
				GCC_WARN_UNINITIALIZED_AUTOS = YES_AGGRESSIVE;
				GCC_WARN_UNUSED_FUNCTION = YES;
				GCC_WARN_UNUSED_VARIABLE = YES;
				MTL_ENABLE_DEBUG_INFO = NO;
				MTL_FAST_MATH = YES;
				SWIFT_COMPILATION_MODE = wholemodule;
				SWIFT_OPTIMIZATION_LEVEL = "-O";
			};
			name = Release;
		};
		2B8337F226F8389000CBF76F /* Debug */ = {
			isa = XCBuildConfiguration;
			buildSettings = {
				ASSETCATALOG_COMPILER_APPICON_NAME = AppIcon;
				ASSETCATALOG_COMPILER_GLOBAL_ACCENT_COLOR_NAME = AccentColor;
				CODE_SIGN_STYLE = Automatic;
				DEVELOPMENT_TEAM = R4G26CHU6B;
				ENABLE_PREVIEWS = YES;
				INFOPLIST_FILE = iOS/Info.plist;
				IPHONEOS_DEPLOYMENT_TARGET = 14.0;
				LD_RUNPATH_SEARCH_PATHS = (
					"$(inherited)",
					"@executable_path/Frameworks",
				);
				PRODUCT_BUNDLE_IDENTIFIER = "vvp.OTUS-Homework-2";
				PRODUCT_NAME = OTUS_Homework_2;
				SDKROOT = iphoneos;
				SWIFT_VERSION = 5.0;
				TARGETED_DEVICE_FAMILY = "1,2";
			};
			name = Debug;
		};
		2B8337F326F8389000CBF76F /* Release */ = {
			isa = XCBuildConfiguration;
			buildSettings = {
				ASSETCATALOG_COMPILER_APPICON_NAME = AppIcon;
				ASSETCATALOG_COMPILER_GLOBAL_ACCENT_COLOR_NAME = AccentColor;
				CODE_SIGN_STYLE = Automatic;
				DEVELOPMENT_TEAM = R4G26CHU6B;
				ENABLE_PREVIEWS = YES;
				INFOPLIST_FILE = iOS/Info.plist;
				IPHONEOS_DEPLOYMENT_TARGET = 14.0;
				LD_RUNPATH_SEARCH_PATHS = (
					"$(inherited)",
					"@executable_path/Frameworks",
				);
				PRODUCT_BUNDLE_IDENTIFIER = "vvp.OTUS-Homework-2";
				PRODUCT_NAME = OTUS_Homework_2;
				SDKROOT = iphoneos;
				SWIFT_VERSION = 5.0;
				TARGETED_DEVICE_FAMILY = "1,2";
				VALIDATE_PRODUCT = YES;
			};
			name = Release;
		};
		2B8337F526F8389000CBF76F /* Debug */ = {
			isa = XCBuildConfiguration;
			buildSettings = {
				ASSETCATALOG_COMPILER_APPICON_NAME = AppIcon;
				ASSETCATALOG_COMPILER_GLOBAL_ACCENT_COLOR_NAME = AccentColor;
				CODE_SIGN_ENTITLEMENTS = macOS/macOS.entitlements;
				CODE_SIGN_STYLE = Automatic;
				COMBINE_HIDPI_IMAGES = YES;
				DEVELOPMENT_TEAM = R4G26CHU6B;
				ENABLE_HARDENED_RUNTIME = YES;
				ENABLE_PREVIEWS = YES;
				INFOPLIST_FILE = macOS/Info.plist;
				LD_RUNPATH_SEARCH_PATHS = (
					"$(inherited)",
					"@executable_path/../Frameworks",
				);
				MACOSX_DEPLOYMENT_TARGET = 11.0;
				PRODUCT_BUNDLE_IDENTIFIER = "vvp.OTUS-Homework-2";
				PRODUCT_NAME = OTUS_Homework_2;
				SDKROOT = macosx;
				SWIFT_VERSION = 5.0;
			};
			name = Debug;
		};
		2B8337F626F8389000CBF76F /* Release */ = {
			isa = XCBuildConfiguration;
			buildSettings = {
				ASSETCATALOG_COMPILER_APPICON_NAME = AppIcon;
				ASSETCATALOG_COMPILER_GLOBAL_ACCENT_COLOR_NAME = AccentColor;
				CODE_SIGN_ENTITLEMENTS = macOS/macOS.entitlements;
				CODE_SIGN_STYLE = Automatic;
				COMBINE_HIDPI_IMAGES = YES;
				DEVELOPMENT_TEAM = R4G26CHU6B;
				ENABLE_HARDENED_RUNTIME = YES;
				ENABLE_PREVIEWS = YES;
				INFOPLIST_FILE = macOS/Info.plist;
				LD_RUNPATH_SEARCH_PATHS = (
					"$(inherited)",
					"@executable_path/../Frameworks",
				);
				MACOSX_DEPLOYMENT_TARGET = 11.0;
				PRODUCT_BUNDLE_IDENTIFIER = "vvp.OTUS-Homework-2";
				PRODUCT_NAME = OTUS_Homework_2;
				SDKROOT = macosx;
				SWIFT_VERSION = 5.0;
			};
			name = Release;
		};
/* End XCBuildConfiguration section */

/* Begin XCConfigurationList section */
		2B8337D426F8388E00CBF76F /* Build configuration list for PBXProject "OTUS_Homework_2" */ = {
			isa = XCConfigurationList;
			buildConfigurations = (
				2B8337EF26F8389000CBF76F /* Debug */,
				2B8337F026F8389000CBF76F /* Release */,
			);
			defaultConfigurationIsVisible = 0;
			defaultConfigurationName = Release;
		};
		2B8337F126F8389000CBF76F /* Build configuration list for PBXNativeTarget "OTUS_Homework_2 (iOS)" */ = {
			isa = XCConfigurationList;
			buildConfigurations = (
				2B8337F226F8389000CBF76F /* Debug */,
				2B8337F326F8389000CBF76F /* Release */,
			);
			defaultConfigurationIsVisible = 0;
			defaultConfigurationName = Release;
		};
		2B8337F426F8389000CBF76F /* Build configuration list for PBXNativeTarget "OTUS_Homework_2 (macOS)" */ = {
			isa = XCConfigurationList;
			buildConfigurations = (
				2B8337F526F8389000CBF76F /* Debug */,
				2B8337F626F8389000CBF76F /* Release */,
			);
			defaultConfigurationIsVisible = 0;
			defaultConfigurationName = Release;
		};
/* End XCConfigurationList section */

/* Begin XCSwiftPackageProductDependency section */
		2B1107B12725A79C005E44A5 /* BooksApi */ = {
			isa = XCSwiftPackageProductDependency;
			productName = BooksApi;
		};
		2B1107B32725A79F005E44A5 /* MoviesApi */ = {
			isa = XCSwiftPackageProductDependency;
			productName = MoviesApi;
		};
		2B1107B72725A7A7005E44A5 /* BooksApi */ = {
			isa = XCSwiftPackageProductDependency;
			productName = BooksApi;
		};
		2B1107B92725A7A9005E44A5 /* MoviesApi */ = {
			isa = XCSwiftPackageProductDependency;
			productName = MoviesApi;
		};
		2B1107BE2725A922005E44A5 /* SearchUI */ = {
			isa = XCSwiftPackageProductDependency;
			productName = SearchUI;
		};
		2B1107C02725A9BA005E44A5 /* SearchUI */ = {
			isa = XCSwiftPackageProductDependency;
			productName = SearchUI;
		};
/* End XCSwiftPackageProductDependency section */
	};
	rootObject = 2B8337D126F8388E00CBF76F /* Project object */;
}
